
Microsoft Visual Studio Solution File, Format Version 12.00
# Visual Studio Version 17
VisualStudioVersion = 17.7.34018.315
MinimumVisualStudioVersion = 10.0.40219.1
Project("{9A19103F-16F7-4668-BE54-9A1E7A4F7556}") = "Bravely Offline", "Bravely Offline\Bravely Offline.csproj", "{6A5C72C9-296F-4407-A5B1-1DE641BFBF8E}"
EndProject
Global
	GlobalSection(SolutionConfigurationPlatforms) = preSolution
		Debug|Any CPU = Debug|Any CPU
		Release|Any CPU = Release|Any CPU
	EndGlobalSection
	GlobalSection(ProjectConfigurationPlatforms) = postSolution
		{6A5C72C9-296F-4407-A5B1-1DE641BFBF8E}.Debug|Any CPU.ActiveCfg = Debug|Any CPU
		{6A5C72C9-296F-4407-A5B1-1DE641BFBF8E}.Debug|Any CPU.Build.0 = Debug|Any CPU
		{6A5C72C9-296F-4407-A5B1-1DE641BFBF8E}.Release|Any CPU.ActiveCfg = Release|Any CPU
		{6A5C72C9-296F-4407-A5B1-1DE641BFBF8E}.Release|Any CPU.Build.0 = Release|Any CPU
	EndGlobalSection
	GlobalSection(SolutionProperties) = preSolution
		HideSolutionNode = FALSE
	EndGlobalSection
	GlobalSection(ExtensibilityGlobals) = postSolution
		SolutionGuid = {F2009BD1-51D6-4D92-B545-5D6AF593B275}
	EndGlobalSection
EndGlobal
